
Microsoft Visual Studio Solution File, Format Version 12.00
# Visual Studio Version 17
VisualStudioVersion = 17.11.35327.3
MinimumVisualStudioVersion = 10.0.40219.1
Project("{2150E333-8FDC-42A3-9474-1A3956D46DE8}") = "Task0", "Task0", "{4D4CC5B0-DA6F-419F-A911-6AF7A26B2EB6}"
EndProject
Project("{9A19103F-16F7-4668-BE54-9A1E7A4F7556}") = "Tyuiu.ShakhovDK.Sprint3.Task0.V12", "Tyuiu.ShakhovDK.Sprint3.Task0.V12\Tyuiu.ShakhovDK.Sprint3.Task0.V12.csproj", "{2754CD5D-4388-4687-AD85-E26A77E8B179}"
EndProject
Project("{9A19103F-16F7-4668-BE54-9A1E7A4F7556}") = "Tyuiu.ShakhovDK.Sprint3.Task0.V12.Lib", "Tyuiu.ShakhovDK.Sprint3.Task0.V12.Lib\Tyuiu.ShakhovDK.Sprint3.Task0.V12.Lib.csproj", "{0209C13D-AC1F-4717-904E-F7522F83A357}"
EndProject
Project("{9A19103F-16F7-4668-BE54-9A1E7A4F7556}") = "Tyuiu.ShakhovDK.Sprint3.Task0.V12.Test", "Tyuiu.ShakhovDK.Sprint3.Task0.V12.Test\Tyuiu.ShakhovDK.Sprint3.Task0.V12.Test.csproj", "{FC1C26EB-4D59-4E58-A8E6-C75F93601FCD}"
EndProject
Project("{2150E333-8FDC-42A3-9474-1A3956D46DE8}") = "Task1", "Task1", "{E1F439B8-CA8B-47B6-8CA3-B7FA43C117E3}"
EndProject
Project("{9A19103F-16F7-4668-BE54-9A1E7A4F7556}") = "Tyuiu.ShakhovDK.Sprint3.Task1.V4", "Tyuiu.ShakhovDK.Sprint3.Task1.V4\Tyuiu.ShakhovDK.Sprint3.Task1.V4.csproj", "{5F45CD20-4ED8-4761-B847-7129A3BAD0D4}"
EndProject
Project("{9A19103F-16F7-4668-BE54-9A1E7A4F7556}") = "Tyuiu.ShakhovDK.Sprint3.Task1.V4.Lib", "Tyuiu.ShakhovDK.Sprint3.Task1.V4.Lib\Tyuiu.ShakhovDK.Sprint3.Task1.V4.Lib.csproj", "{53D23CA2-1BA8-4FF3-9784-8C6504E8A9D5}"
EndProject
Project("{9A19103F-16F7-4668-BE54-9A1E7A4F7556}") = "Tyuiu.ShakhovDK.Sprint3.Task1.V4.Test", "Tyuiu.ShakhovDK.Sprint3.Task1.V4.Test\Tyuiu.ShakhovDK.Sprint3.Task1.V4.Test.csproj", "{235C4F69-F7C4-4B08-89DD-88135974A2C8}"
EndProject
Project("{2150E333-8FDC-42A3-9474-1A3956D46DE8}") = "Task2", "Task2", "{D52C83DE-3777-4997-9E89-4DD0C0334D5E}"
EndProject
Project("{9A19103F-16F7-4668-BE54-9A1E7A4F7556}") = "Tyuiu.ShakhovDK.Sprint3.Task2.V8", "Tyuiu.ShakhovDK.Sprint3.Task2.V8\Tyuiu.ShakhovDK.Sprint3.Task2.V8.csproj", "{E1C3D481-FEB2-4A7A-9972-282C4433731C}"
EndProject
Project("{9A19103F-16F7-4668-BE54-9A1E7A4F7556}") = "Tyuiu.ShakhovDK.Sprint3.Task2.V8.Lib", "Tyuiu.ShakhovDK.Sprint3.Task2.V8.Lib\Tyuiu.ShakhovDK.Sprint3.Task2.V8.Lib.csproj", "{3972008B-70C0-4A2E-9F14-28715D00C8CF}"
EndProject
Project("{9A19103F-16F7-4668-BE54-9A1E7A4F7556}") = "Tyuiu.ShakhovDK.Sprint3.Task2.V8.Test", "Tyuiu.ShakhovDK.Sprint3.Task2.V8.Test\Tyuiu.ShakhovDK.Sprint3.Task2.V8.Test.csproj", "{5B64AA9F-E45B-4474-9CE0-0E218E5E18EA}"
EndProject
Project("{2150E333-8FDC-42A3-9474-1A3956D46DE8}") = "Task3", "Task3", "{1FA0C4FD-52A5-4A78-B660-0773CFD2EB1E}"
EndProject
Project("{9A19103F-16F7-4668-BE54-9A1E7A4F7556}") = "Tyuiu.ShakhovDK.Sprint3.Task3.V21", "Tyuiu.ShakhovDK.Sprint3.Task3.V21\Tyuiu.ShakhovDK.Sprint3.Task3.V21.csproj", "{F023A213-417E-4023-83A5-A9AAD14DE01E}"
EndProject
Project("{9A19103F-16F7-4668-BE54-9A1E7A4F7556}") = "Tyuiu.ShakhovDK.Sprint3.Task3.V21.Lib", "Tyuiu.ShakhovDK.Sprint3.Task3.V21.Lib\Tyuiu.ShakhovDK.Sprint3.Task3.V21.Lib.csproj", "{F4C51086-34C6-4E44-92AB-3B609022ED2C}"
EndProject
Project("{9A19103F-16F7-4668-BE54-9A1E7A4F7556}") = "Tyuiu.ShakhovDK.Sprint3.Task3.V21.Test", "Tyuiu.ShakhovDK.Sprint3.Task3.V21.Test\Tyuiu.ShakhovDK.Sprint3.Task3.V21.Test.csproj", "{95242E1A-6099-4AC4-832A-6E86FC38D0E6}"
EndProject
Project("{2150E333-8FDC-42A3-9474-1A3956D46DE8}") = "Task4", "Task4", "{3ACE0E63-229F-4F43-9F3F-384164B56FDF}"
EndProject
Project("{9A19103F-16F7-4668-BE54-9A1E7A4F7556}") = "Tyuiu.ShakhovDK.Sprint3.Task4.V20", "Tyuiu.ShakhovDK.Sprint3.Task4.V20\Tyuiu.ShakhovDK.Sprint3.Task4.V20.csproj", "{206D1231-C176-48C0-8FF9-78E6A2A9E861}"
EndProject
Project("{9A19103F-16F7-4668-BE54-9A1E7A4F7556}") = "Tyuiu.ShakhovDK.Sprint3.Task4.V20.Lib", "Tyuiu.ShakhovDK.Sprint3.Task4.V20.Lib\Tyuiu.ShakhovDK.Sprint3.Task4.V20.Lib.csproj", "{2FC63D91-EEA5-4AC9-839D-3E28188D8AFA}"
EndProject
Project("{9A19103F-16F7-4668-BE54-9A1E7A4F7556}") = "Tyuiu.ShakhovDK.Sprint3.Task4.V20.Test", "Tyuiu.ShakhovDK.Sprint3.Task4.V20.Test\Tyuiu.ShakhovDK.Sprint3.Task4.V20.Test.csproj", "{AAECE8B8-6FAC-4F26-B582-9BE56E92E0E6}"
EndProject
Project("{2150E333-8FDC-42A3-9474-1A3956D46DE8}") = "Task5", "Task5", "{DEB761E6-50D9-42E4-87AB-505A11548196}"
EndProject
Project("{9A19103F-16F7-4668-BE54-9A1E7A4F7556}") = "Tyuiu.ShakhovDK.Sprint3.Task5.V18", "Tyuiu.ShakhovDK.Sprint3.Task5.V18\Tyuiu.ShakhovDK.Sprint3.Task5.V18.csproj", "{65AEAB27-8196-475B-A85B-C8543C5EEB38}"
EndProject
Project("{9A19103F-16F7-4668-BE54-9A1E7A4F7556}") = "Tyuiu.ShakhovDK.Sprint3.Task5.V18.Lib", "Tyuiu.ShakhovDK.Sprint3.Task5.V18.Lib\Tyuiu.ShakhovDK.Sprint3.Task5.V18.Lib.csproj", "{5879F7B1-8130-4448-B074-AC3C553D09A8}"
EndProject
Project("{9A19103F-16F7-4668-BE54-9A1E7A4F7556}") = "Tyuiu.ShakhovDK.Sprint3.Task5.V18.Test", "Tyuiu.ShakhovDK.Sprint3.Task5.V18.Test\Tyuiu.ShakhovDK.Sprint3.Task5.V18.Test.csproj", "{3B05F244-5F97-42AC-B8B2-DD910B47E0D5}"
EndProject
Project("{2150E333-8FDC-42A3-9474-1A3956D46DE8}") = "Task6", "Task6", "{C4AFCE03-A8DD-4E22-8EE0-58AB2F5310E6}"
EndProject
Project("{FAE04EC0-301F-11D3-BF4B-00C04F79EFBC}") = "Tyuiu.ShakhovDK.Sprint3.Task6.V1", "Tyuiu.ShakhovDK.Sprint3.Task6.V1\Tyuiu.ShakhovDK.Sprint3.Task6.V1.csproj", "{8981E879-2921-425F-9081-E5C710BE0BE2}"
EndProject
Project("{FAE04EC0-301F-11D3-BF4B-00C04F79EFBC}") = "Tyuiu.ShakhovDK.Sprint3.Task6.V1.Lib", "Tyuiu.ShakhovDK.Sprint3.Task6.V1.Lib\Tyuiu.ShakhovDK.Sprint3.Task6.V1.Lib.csproj", "{9961EE87-7DA9-4108-9FFD-3E6B2C3DF197}"
EndProject
Project("{FAE04EC0-301F-11D3-BF4B-00C04F79EFBC}") = "Tyuiu.ShakhovDK.Sprint3.Task6.V1.Test", "Tyuiu.ShakhovDK.Sprint3.Task6.V1.Test\Tyuiu.ShakhovDK.Sprint3.Task6.V1.Test.csproj", "{29D69F64-3309-44CD-B7B2-5791C83FF3DA}"
EndProject
Project("{2150E333-8FDC-42A3-9474-1A3956D46DE8}") = "Task7", "Task7", "{5BACFD1A-7908-4C0B-AD5C-9CADAA3142CC}"
EndProject
Project("{FAE04EC0-301F-11D3-BF4B-00C04F79EFBC}") = "Tyuiu.ShakhovDK.Sprint3.Task7.V8", "Tyuiu.ShakhovDK.Sprint3.Task7.V8\Tyuiu.ShakhovDK.Sprint3.Task7.V8.csproj", "{B96312B1-2FEF-493E-806D-6537A2C1D808}"
EndProject
Project("{FAE04EC0-301F-11D3-BF4B-00C04F79EFBC}") = "Tyuiu.ShakhovDK.Sprint3.Task7.V8.Lib", "Tyuiu.ShakhovDK.Sprint3.Task7.V8.Lib\Tyuiu.ShakhovDK.Sprint3.Task7.V8.Lib.csproj", "{46988757-A3C3-4623-BE5F-3DD17759F905}"
EndProject
Project("{FAE04EC0-301F-11D3-BF4B-00C04F79EFBC}") = "Tyuiu.ShakhovDK.Sprint3.Task7.V8.Test", "Tyuiu.ShakhovDK.Sprint3.Task7.V8.Test\Tyuiu.ShakhovDK.Sprint3.Task7.V8.Test.csproj", "{09A93818-44A6-44E2-850F-81DE933D1866}"
EndProject
Global
	GlobalSection(SolutionConfigurationPlatforms) = preSolution
		Debug|Any CPU = Debug|Any CPU
		Release|Any CPU = Release|Any CPU
	EndGlobalSection
	GlobalSection(ProjectConfigurationPlatforms) = postSolution
		{2754CD5D-4388-4687-AD85-E26A77E8B179}.Debug|Any CPU.ActiveCfg = Debug|Any CPU
		{2754CD5D-4388-4687-AD85-E26A77E8B179}.Debug|Any CPU.Build.0 = Debug|Any CPU
		{2754CD5D-4388-4687-AD85-E26A77E8B179}.Release|Any CPU.ActiveCfg = Release|Any CPU
		{2754CD5D-4388-4687-AD85-E26A77E8B179}.Release|Any CPU.Build.0 = Release|Any CPU
		{0209C13D-AC1F-4717-904E-F7522F83A357}.Debug|Any CPU.ActiveCfg = Debug|Any CPU
		{0209C13D-AC1F-4717-904E-F7522F83A357}.Debug|Any CPU.Build.0 = Debug|Any CPU
		{0209C13D-AC1F-4717-904E-F7522F83A357}.Release|Any CPU.ActiveCfg = Release|Any CPU
		{0209C13D-AC1F-4717-904E-F7522F83A357}.Release|Any CPU.Build.0 = Release|Any CPU
		{FC1C26EB-4D59-4E58-A8E6-C75F93601FCD}.Debug|Any CPU.ActiveCfg = Debug|Any CPU
		{FC1C26EB-4D59-4E58-A8E6-C75F93601FCD}.Debug|Any CPU.Build.0 = Debug|Any CPU
		{FC1C26EB-4D59-4E58-A8E6-C75F93601FCD}.Release|Any CPU.ActiveCfg = Release|Any CPU
		{FC1C26EB-4D59-4E58-A8E6-C75F93601FCD}.Release|Any CPU.Build.0 = Release|Any CPU
		{5F45CD20-4ED8-4761-B847-7129A3BAD0D4}.Debug|Any CPU.ActiveCfg = Debug|Any CPU
		{5F45CD20-4ED8-4761-B847-7129A3BAD0D4}.Debug|Any CPU.Build.0 = Debug|Any CPU
		{5F45CD20-4ED8-4761-B847-7129A3BAD0D4}.Release|Any CPU.ActiveCfg = Release|Any CPU
		{5F45CD20-4ED8-4761-B847-7129A3BAD0D4}.Release|Any CPU.Build.0 = Release|Any CPU
		{53D23CA2-1BA8-4FF3-9784-8C6504E8A9D5}.Debug|Any CPU.ActiveCfg = Debug|Any CPU
		{53D23CA2-1BA8-4FF3-9784-8C6504E8A9D5}.Debug|Any CPU.Build.0 = Debug|Any CPU
		{53D23CA2-1BA8-4FF3-9784-8C6504E8A9D5}.Release|Any CPU.ActiveCfg = Release|Any CPU
		{53D23CA2-1BA8-4FF3-9784-8C6504E8A9D5}.Release|Any CPU.Build.0 = Release|Any CPU
		{235C4F69-F7C4-4B08-89DD-88135974A2C8}.Debug|Any CPU.ActiveCfg = Debug|Any CPU
		{235C4F69-F7C4-4B08-89DD-88135974A2C8}.Debug|Any CPU.Build.0 = Debug|Any CPU
		{235C4F69-F7C4-4B08-89DD-88135974A2C8}.Release|Any CPU.ActiveCfg = Release|Any CPU
		{235C4F69-F7C4-4B08-89DD-88135974A2C8}.Release|Any CPU.Build.0 = Release|Any CPU
		{E1C3D481-FEB2-4A7A-9972-282C4433731C}.Debug|Any CPU.ActiveCfg = Debug|Any CPU
		{E1C3D481-FEB2-4A7A-9972-282C4433731C}.Debug|Any CPU.Build.0 = Debug|Any CPU
		{E1C3D481-FEB2-4A7A-9972-282C4433731C}.Release|Any CPU.ActiveCfg = Release|Any CPU
		{E1C3D481-FEB2-4A7A-9972-282C4433731C}.Release|Any CPU.Build.0 = Release|Any CPU
		{3972008B-70C0-4A2E-9F14-28715D00C8CF}.Debug|Any CPU.ActiveCfg = Debug|Any CPU
		{3972008B-70C0-4A2E-9F14-28715D00C8CF}.Debug|Any CPU.Build.0 = Debug|Any CPU
		{3972008B-70C0-4A2E-9F14-28715D00C8CF}.Release|Any CPU.ActiveCfg = Release|Any CPU
		{3972008B-70C0-4A2E-9F14-28715D00C8CF}.Release|Any CPU.Build.0 = Release|Any CPU
		{5B64AA9F-E45B-4474-9CE0-0E218E5E18EA}.Debug|Any CPU.ActiveCfg = Debug|Any CPU
		{5B64AA9F-E45B-4474-9CE0-0E218E5E18EA}.Debug|Any CPU.Build.0 = Debug|Any CPU
		{5B64AA9F-E45B-4474-9CE0-0E218E5E18EA}.Release|Any CPU.ActiveCfg = Release|Any CPU
		{5B64AA9F-E45B-4474-9CE0-0E218E5E18EA}.Release|Any CPU.Build.0 = Release|Any CPU
		{F023A213-417E-4023-83A5-A9AAD14DE01E}.Debug|Any CPU.ActiveCfg = Debug|Any CPU
		{F023A213-417E-4023-83A5-A9AAD14DE01E}.Debug|Any CPU.Build.0 = Debug|Any CPU
		{F023A213-417E-4023-83A5-A9AAD14DE01E}.Release|Any CPU.ActiveCfg = Release|Any CPU
		{F023A213-417E-4023-83A5-A9AAD14DE01E}.Release|Any CPU.Build.0 = Release|Any CPU
		{F4C51086-34C6-4E44-92AB-3B609022ED2C}.Debug|Any CPU.ActiveCfg = Debug|Any CPU
		{F4C51086-34C6-4E44-92AB-3B609022ED2C}.Debug|Any CPU.Build.0 = Debug|Any CPU
		{F4C51086-34C6-4E44-92AB-3B609022ED2C}.Release|Any CPU.ActiveCfg = Release|Any CPU
		{F4C51086-34C6-4E44-92AB-3B609022ED2C}.Release|Any CPU.Build.0 = Release|Any CPU
		{95242E1A-6099-4AC4-832A-6E86FC38D0E6}.Debug|Any CPU.ActiveCfg = Debug|Any CPU
		{95242E1A-6099-4AC4-832A-6E86FC38D0E6}.Debug|Any CPU.Build.0 = Debug|Any CPU
		{95242E1A-6099-4AC4-832A-6E86FC38D0E6}.Release|Any CPU.ActiveCfg = Release|Any CPU
		{95242E1A-6099-4AC4-832A-6E86FC38D0E6}.Release|Any CPU.Build.0 = Release|Any CPU
		{206D1231-C176-48C0-8FF9-78E6A2A9E861}.Debug|Any CPU.ActiveCfg = Debug|Any CPU
		{206D1231-C176-48C0-8FF9-78E6A2A9E861}.Debug|Any CPU.Build.0 = Debug|Any CPU
		{206D1231-C176-48C0-8FF9-78E6A2A9E861}.Release|Any CPU.ActiveCfg = Release|Any CPU
		{206D1231-C176-48C0-8FF9-78E6A2A9E861}.Release|Any CPU.Build.0 = Release|Any CPU
		{2FC63D91-EEA5-4AC9-839D-3E28188D8AFA}.Debug|Any CPU.ActiveCfg = Debug|Any CPU
		{2FC63D91-EEA5-4AC9-839D-3E28188D8AFA}.Debug|Any CPU.Build.0 = Debug|Any CPU
		{2FC63D91-EEA5-4AC9-839D-3E28188D8AFA}.Release|Any CPU.ActiveCfg = Release|Any CPU
		{2FC63D91-EEA5-4AC9-839D-3E28188D8AFA}.Release|Any CPU.Build.0 = Release|Any CPU
		{AAECE8B8-6FAC-4F26-B582-9BE56E92E0E6}.Debug|Any CPU.ActiveCfg = Debug|Any CPU
		{AAECE8B8-6FAC-4F26-B582-9BE56E92E0E6}.Debug|Any CPU.Build.0 = Debug|Any CPU
		{AAECE8B8-6FAC-4F26-B582-9BE56E92E0E6}.Release|Any CPU.ActiveCfg = Release|Any CPU
		{AAECE8B8-6FAC-4F26-B582-9BE56E92E0E6}.Release|Any CPU.Build.0 = Release|Any CPU
		{65AEAB27-8196-475B-A85B-C8543C5EEB38}.Debug|Any CPU.ActiveCfg = Debug|Any CPU
		{65AEAB27-8196-475B-A85B-C8543C5EEB38}.Debug|Any CPU.Build.0 = Debug|Any CPU
		{65AEAB27-8196-475B-A85B-C8543C5EEB38}.Release|Any CPU.ActiveCfg = Release|Any CPU
		{65AEAB27-8196-475B-A85B-C8543C5EEB38}.Release|Any CPU.Build.0 = Release|Any CPU
		{5879F7B1-8130-4448-B074-AC3C553D09A8}.Debug|Any CPU.ActiveCfg = Debug|Any CPU
		{5879F7B1-8130-4448-B074-AC3C553D09A8}.Debug|Any CPU.Build.0 = Debug|Any CPU
		{5879F7B1-8130-4448-B074-AC3C553D09A8}.Release|Any CPU.ActiveCfg = Release|Any CPU
		{5879F7B1-8130-4448-B074-AC3C553D09A8}.Release|Any CPU.Build.0 = Release|Any CPU
		{3B05F244-5F97-42AC-B8B2-DD910B47E0D5}.Debug|Any CPU.ActiveCfg = Debug|Any CPU
		{3B05F244-5F97-42AC-B8B2-DD910B47E0D5}.Debug|Any CPU.Build.0 = Debug|Any CPU
		{3B05F244-5F97-42AC-B8B2-DD910B47E0D5}.Release|Any CPU.ActiveCfg = Release|Any CPU
		{3B05F244-5F97-42AC-B8B2-DD910B47E0D5}.Release|Any CPU.Build.0 = Release|Any CPU
		{8981E879-2921-425F-9081-E5C710BE0BE2}.Debug|Any CPU.ActiveCfg = Debug|Any CPU
		{8981E879-2921-425F-9081-E5C710BE0BE2}.Debug|Any CPU.Build.0 = Debug|Any CPU
		{8981E879-2921-425F-9081-E5C710BE0BE2}.Release|Any CPU.ActiveCfg = Release|Any CPU
		{8981E879-2921-425F-9081-E5C710BE0BE2}.Release|Any CPU.Build.0 = Release|Any CPU
		{9961EE87-7DA9-4108-9FFD-3E6B2C3DF197}.Debug|Any CPU.ActiveCfg = Debug|Any CPU
		{9961EE87-7DA9-4108-9FFD-3E6B2C3DF197}.Debug|Any CPU.Build.0 = Debug|Any CPU
		{9961EE87-7DA9-4108-9FFD-3E6B2C3DF197}.Release|Any CPU.ActiveCfg = Release|Any CPU
		{9961EE87-7DA9-4108-9FFD-3E6B2C3DF197}.Release|Any CPU.Build.0 = Release|Any CPU
		{29D69F64-3309-44CD-B7B2-5791C83FF3DA}.Debug|Any CPU.ActiveCfg = Debug|Any CPU
		{29D69F64-3309-44CD-B7B2-5791C83FF3DA}.Debug|Any CPU.Build.0 = Debug|Any CPU
		{29D69F64-3309-44CD-B7B2-5791C83FF3DA}.Release|Any CPU.ActiveCfg = Release|Any CPU
		{29D69F64-3309-44CD-B7B2-5791C83FF3DA}.Release|Any CPU.Build.0 = Release|Any CPU
		{B96312B1-2FEF-493E-806D-6537A2C1D808}.Debug|Any CPU.ActiveCfg = Debug|Any CPU
		{B96312B1-2FEF-493E-806D-6537A2C1D808}.Debug|Any CPU.Build.0 = Debug|Any CPU
		{B96312B1-2FEF-493E-806D-6537A2C1D808}.Release|Any CPU.ActiveCfg = Release|Any CPU
		{B96312B1-2FEF-493E-806D-6537A2C1D808}.Release|Any CPU.Build.0 = Release|Any CPU
		{46988757-A3C3-4623-BE5F-3DD17759F905}.Debug|Any CPU.ActiveCfg = Debug|Any CPU
		{46988757-A3C3-4623-BE5F-3DD17759F905}.Debug|Any CPU.Build.0 = Debug|Any CPU
		{46988757-A3C3-4623-BE5F-3DD17759F905}.Release|Any CPU.ActiveCfg = Release|Any CPU
		{46988757-A3C3-4623-BE5F-3DD17759F905}.Release|Any CPU.Build.0 = Release|Any CPU
		{09A93818-44A6-44E2-850F-81DE933D1866}.Debug|Any CPU.ActiveCfg = Debug|Any CPU
		{09A93818-44A6-44E2-850F-81DE933D1866}.Debug|Any CPU.Build.0 = Debug|Any CPU
		{09A93818-44A6-44E2-850F-81DE933D1866}.Release|Any CPU.ActiveCfg = Release|Any CPU
		{09A93818-44A6-44E2-850F-81DE933D1866}.Release|Any CPU.Build.0 = Release|Any CPU
	EndGlobalSection
	GlobalSection(SolutionProperties) = preSolution
		HideSolutionNode = FALSE
	EndGlobalSection
	GlobalSection(NestedProjects) = preSolution
		{2754CD5D-4388-4687-AD85-E26A77E8B179} = {4D4CC5B0-DA6F-419F-A911-6AF7A26B2EB6}
		{0209C13D-AC1F-4717-904E-F7522F83A357} = {4D4CC5B0-DA6F-419F-A911-6AF7A26B2EB6}
		{FC1C26EB-4D59-4E58-A8E6-C75F93601FCD} = {4D4CC5B0-DA6F-419F-A911-6AF7A26B2EB6}
		{5F45CD20-4ED8-4761-B847-7129A3BAD0D4} = {E1F439B8-CA8B-47B6-8CA3-B7FA43C117E3}
		{53D23CA2-1BA8-4FF3-9784-8C6504E8A9D5} = {E1F439B8-CA8B-47B6-8CA3-B7FA43C117E3}
		{235C4F69-F7C4-4B08-89DD-88135974A2C8} = {E1F439B8-CA8B-47B6-8CA3-B7FA43C117E3}
		{E1C3D481-FEB2-4A7A-9972-282C4433731C} = {D52C83DE-3777-4997-9E89-4DD0C0334D5E}
		{3972008B-70C0-4A2E-9F14-28715D00C8CF} = {D52C83DE-3777-4997-9E89-4DD0C0334D5E}
		{5B64AA9F-E45B-4474-9CE0-0E218E5E18EA} = {D52C83DE-3777-4997-9E89-4DD0C0334D5E}
		{F023A213-417E-4023-83A5-A9AAD14DE01E} = {1FA0C4FD-52A5-4A78-B660-0773CFD2EB1E}
		{F4C51086-34C6-4E44-92AB-3B609022ED2C} = {1FA0C4FD-52A5-4A78-B660-0773CFD2EB1E}
		{95242E1A-6099-4AC4-832A-6E86FC38D0E6} = {1FA0C4FD-52A5-4A78-B660-0773CFD2EB1E}
		{206D1231-C176-48C0-8FF9-78E6A2A9E861} = {3ACE0E63-229F-4F43-9F3F-384164B56FDF}
		{2FC63D91-EEA5-4AC9-839D-3E28188D8AFA} = {3ACE0E63-229F-4F43-9F3F-384164B56FDF}
		{AAECE8B8-6FAC-4F26-B582-9BE56E92E0E6} = {3ACE0E63-229F-4F43-9F3F-384164B56FDF}
		{65AEAB27-8196-475B-A85B-C8543C5EEB38} = {DEB761E6-50D9-42E4-87AB-505A11548196}
		{5879F7B1-8130-4448-B074-AC3C553D09A8} = {DEB761E6-50D9-42E4-87AB-505A11548196}
		{3B05F244-5F97-42AC-B8B2-DD910B47E0D5} = {DEB761E6-50D9-42E4-87AB-505A11548196}
		{8981E879-2921-425F-9081-E5C710BE0BE2} = {C4AFCE03-A8DD-4E22-8EE0-58AB2F5310E6}
		{9961EE87-7DA9-4108-9FFD-3E6B2C3DF197} = {C4AFCE03-A8DD-4E22-8EE0-58AB2F5310E6}
		{29D69F64-3309-44CD-B7B2-5791C83FF3DA} = {C4AFCE03-A8DD-4E22-8EE0-58AB2F5310E6}
		{B96312B1-2FEF-493E-806D-6537A2C1D808} = {5BACFD1A-7908-4C0B-AD5C-9CADAA3142CC}
		{46988757-A3C3-4623-BE5F-3DD17759F905} = {5BACFD1A-7908-4C0B-AD5C-9CADAA3142CC}
		{09A93818-44A6-44E2-850F-81DE933D1866} = {5BACFD1A-7908-4C0B-AD5C-9CADAA3142CC}
	EndGlobalSection
	GlobalSection(ExtensibilityGlobals) = postSolution
		SolutionGuid = {B966A566-C46D-4DC6-8447-E2831D313952}
	EndGlobalSection
EndGlobal
